# THIS IS AN AUTOGENERATED FILE. DO NOT EDIT THIS FILE DIRECTLY.
# yarn lockfile v1


"@prisma/engines@4.5.0":
  version "4.5.0"
  resolved "https://registry.yarnpkg.com/@prisma/engines/-/engines-4.5.0.tgz#82df347a893a5ae2a67707d44772ba181f4b9328"
  integrity sha512-4t9ir2SbQQr/wMCNU4YpHWp5hU14J2m3wHUZnGJPpmBF8YtkisxyVyQsKd1e6FyLTaGq8LOLhm6VLYHKqKNm+g==

prisma@^4.5.0:
  version "4.5.0"
  resolved "https://registry.yarnpkg.com/prisma/-/prisma-4.5.0.tgz#361ae3f4476d0821b97645e5da42975a7c2943bb"
  integrity sha512-9Aeg4qiKlv9Wsjz4NO8k2CzRzlvS3A4FYVJ5+28sBBZ0eEwbiVOE/Jj7v6rZC1tFW2s4GSICQOAyuOjc6WsNew==
  dependencies:
    "@prisma/engines" "4.5.0"
